<?xml version="1.0" encoding="utf-8"?>
<Project ToolsVersion="4.0" xmlns="http://schemas.microsoft.com/developer/msbuild/2003">
  <ItemGroup>
    <Filter Include="源文件">
      <UniqueIdentifier>{4FC737F1-C7A5-4376-A066-2A32D752A2FF}</UniqueIdentifier>
      <Extensions>cpp;c;cc;cxx;def;odl;idl;hpj;bat;asm;asmx</Extensions>
    </Filter>
    <Filter Include="头文件">
      <UniqueIdentifier>{93995380-89BD-4b04-88EB-625FBE52EBFB}</UniqueIdentifier>
      <Extensions>h;hh;hpp;hxx;hm;inl;inc;xsd</Extensions>
    </Filter>
    <Filter Include="资源文件">
      <UniqueIdentifier>{67DA6AB6-F800-4c08-8B7A-83BB121AAD01}</UniqueIdentifier>
      <Extensions>rc;ico;cur;bmp;dlg;rc2;rct;bin;rgs;gif;jpg;jpeg;jpe;resx;tiff;tif;png;wav;mfcribbon-ms</Extensions>
    </Filter>
    <Filter Include="头文件\Controls">
      <UniqueIdentifier>{fc61e451-61bc-48a0-8859-4843cb61b0ff}</UniqueIdentifier>
    </Filter>
    <Filter Include="源文件\Controls">
      <UniqueIdentifier>{8a8b859f-1372-44e3-afcc-24c701bed747}</UniqueIdentifier>
    </Filter>
    <Filter Include="生成的文件">
      <UniqueIdentifier>{9b9b9eca-b321-41f1-988e-812d24f5b8ce}</UniqueIdentifier>
    </Filter>
    <Filter Include="头文件\Media">
      <UniqueIdentifier>{e6b4c8ca-aff6-4123-9746-dc0b61f97bac}</UniqueIdentifier>
    </Filter>
    <Filter Include="源文件\Media">
      <UniqueIdentifier>{8417a7ec-ecfd-488a-b9ee-2eff93308340}</UniqueIdentifier>
    </Filter>
    <Filter Include="头文件\Media\Platform">
      <UniqueIdentifier>{acb0ff3b-98c9-4aec-85f7-b144668e0e89}</UniqueIdentifier>
    </Filter>
    <Filter Include="源文件\Media\Platform">
      <UniqueIdentifier>{05a05f71-5f2a-48d5-a038-611012b56919}</UniqueIdentifier>
    </Filter>
    <Filter Include="资源文件\Shaders">
      <UniqueIdentifier>{761055da-57ad-4761-bb93-48b6d7f0effc}</UniqueIdentifier>
    </Filter>
  </ItemGroup>
  <ItemGroup>
    <Text Include="ReadMe.txt" />
  </ItemGroup>
  <ItemGroup>
    <ClInclude Include="stdafx.h">
      <Filter>头文件</Filter>
    </ClInclude>
    <ClInclude Include="targetver.h">
      <Filter>头文件</Filter>
    </ClInclude>
    <ClInclude Include="..\inc\common.h">
      <Filter>头文件</Filter>
    </ClInclude>
    <ClInclude Include="..\inc\NonCopyable.h">
      <Filter>头文件</Filter>
    </ClInclude>
    <ClInclude Include="Controls\NativeWindow.h">
      <Filter>头文件\Controls</Filter>
    </ClInclude>
    <ClInclude Include="MPF.Platform_i.h">
      <Filter>生成的文件</Filter>
    </ClInclude>
    <ClInclude Include="..\inc\WeakReferenceBase.h">
      <Filter>头文件</Filter>
    </ClInclude>
    <ClInclude Include="NativeApplication.h">
      <Filter>头文件</Filter>
    </ClInclude>
    <ClInclude Include="Media\DeviceContext.h">
      <Filter>头文件\Media</Filter>
    </ClInclude>
    <ClInclude Include="Media\D3D9DeviceContext.h">
      <Filter>头文件\Media\Platform</Filter>
    </ClInclude>
    <ClInclude Include="Media\D3D9SwapChain.h">
      <Filter>头文件\Media\Platform</Filter>
    </ClInclude>
    <ClInclude Include="Media\ResourceRef.h">
      <Filter>头文件\Media</Filter>
    </ClInclude>
    <ClInclude Include="Media\ResourceContainer.h">
      <Filter>头文件\Media</Filter>
    </ClInclude>
    <ClInclude Include="Media\Geometry.h">
      <Filter>头文件\Media</Filter>
    </ClInclude>
    <ClInclude Include="Media\RenderCommandBuffer.h">
      <Filter>头文件\Media</Filter>
    </ClInclude>
    <ClInclude Include="Media\RenderableObject.h">
      <Filter>头文件\Media</Filter>
    </ClInclude>
    <ClInclude Include="Media\D3D9RenderableObject.h">
      <Filter>头文件\Media\Platform</Filter>
    </ClInclude>
    <ClInclude Include="Media\RenderableObjectContainer.h">
      <Filter>头文件\Media</Filter>
    </ClInclude>
    <ClInclude Include="Media\ResourceManagerBase.h">
      <Filter>头文件\Media</Filter>
    </ClInclude>
    <ClInclude Include="Media\D3D9ResourceManager.h">
      <Filter>头文件\Media\Platform</Filter>
    </ClInclude>
    <ClInclude Include="Media\D3D9Vertex.h">
      <Filter>头文件\Media\Platform</Filter>
    </ClInclude>
    <ClInclude Include="Media\D3D9BufferManager.h">
      <Filter>头文件\Media\Platform</Filter>
    </ClInclude>
    <ClInclude Include="resource.h">
      <Filter>头文件</Filter>
    </ClInclude>
    <ClInclude Include="Media\Brush.h">
      <Filter>头文件\Media</Filter>
    </ClInclude>
    <ClInclude Include="Media\Pen.h">
      <Filter>头文件\Media</Filter>
    </ClInclude>
  </ItemGroup>
  <ItemGroup>
    <ClCompile Include="stdafx.cpp">
      <Filter>源文件</Filter>
    </ClCompile>
    <ClCompile Include="MPF.Platform.cpp">
      <Filter>源文件</Filter>
    </ClCompile>
    <ClCompile Include="dllmain.cpp">
      <Filter>源文件</Filter>
    </ClCompile>
    <ClCompile Include="Controls\NativeWindow.cpp">
      <Filter>源文件\Controls</Filter>
    </ClCompile>
    <ClCompile Include="NativeApplication.cpp">
      <Filter>源文件</Filter>
    </ClCompile>
    <ClCompile Include="Media\DeviceContext.cpp">
      <Filter>源文件\Media</Filter>
    </ClCompile>
    <ClCompile Include="Media\D3D9SwapChain.cpp">
      <Filter>源文件\Media\Platform</Filter>
    </ClCompile>
    <ClCompile Include="Media\D3D9DeviceContext.cpp">
      <Filter>源文件\Media\Platform</Filter>
    </ClCompile>
    <ClCompile Include="Media\RenderCommandBuffer.cpp">
      <Filter>源文件\Media</Filter>
    </ClCompile>
    <ClCompile Include="Media\RenderableObjectContainer.cpp">
      <Filter>源文件\Media</Filter>
    </ClCompile>
    <ClCompile Include="Media\RenderableObject.cpp">
      <Filter>源文件\Media</Filter>
    </ClCompile>
    <ClCompile Include="Media\ResourceRef.cpp">
      <Filter>源文件\Media</Filter>
    </ClCompile>
    <ClCompile Include="Media\D3D9RenderableObject.cpp">
      <Filter>源文件\Media\Platform</Filter>
    </ClCompile>
    <ClCompile Include="Media\ResourceManagerBase.cpp">
      <Filter>源文件\Media</Filter>
    </ClCompile>
    <ClCompile Include="Media\D3D9ResourceManager.cpp">
      <Filter>源文件\Media\Platform</Filter>
    </ClCompile>
    <ClCompile Include="Media\D3D9BufferManager.cpp">
      <Filter>源文件\Media\Platform</Filter>
    </ClCompile>
  </ItemGroup>
  <ItemGroup>
    <Midl Include="MPF.Platform.idl">
      <Filter>源文件</Filter>
    </Midl>
  </ItemGroup>
  <ItemGroup>
    <FxCompile Include="Shaders\UIVertexShader.hlsl">
      <Filter>资源文件\Shaders</Filter>
    </FxCompile>
    <FxCompile Include="Shaders\UIPixelShader.hlsl">
      <Filter>资源文件\Shaders</Filter>
    </FxCompile>
  </ItemGroup>
  <ItemGroup>
    <None Include="Shaders\UIShaders.hlsli">
      <Filter>资源文件\Shaders</Filter>
    </None>
  </ItemGroup>
  <ItemGroup>
    <ResourceCompile Include="Resource.rc">
      <Filter>资源文件</Filter>
    </ResourceCompile>
  </ItemGroup>
</Project>