<?xml version="1.0" encoding="utf-8"?>
<Project ToolsVersion="4.0" xmlns="http://schemas.microsoft.com/developer/msbuild/2003">
  <ItemGroup>
    <Filter Include="源文件">
      <UniqueIdentifier>{4FC737F1-C7A5-4376-A066-2A32D752A2FF}</UniqueIdentifier>
      <Extensions>cpp;c;cc;cxx;def;odl;idl;hpj;bat;asm;asmx</Extensions>
    </Filter>
    <Filter Include="头文件">
      <UniqueIdentifier>{93995380-89BD-4b04-88EB-625FBE52EBFB}</UniqueIdentifier>
      <Extensions>h;hh;hpp;hxx;hm;inl;inc;xsd</Extensions>
    </Filter>
    <Filter Include="资源文件">
      <UniqueIdentifier>{67DA6AB6-F800-4c08-8B7A-83BB121AAD01}</UniqueIdentifier>
      <Extensions>rc;ico;cur;bmp;dlg;rc2;rct;bin;rgs;gif;jpg;jpeg;jpe;resx;tiff;tif;png;wav;mfcribbon-ms</Extensions>
    </Filter>
    <Filter Include="头文件\Controls">
      <UniqueIdentifier>{fc61e451-61bc-48a0-8859-4843cb61b0ff}</UniqueIdentifier>
    </Filter>
    <Filter Include="源文件\Controls">
      <UniqueIdentifier>{8a8b859f-1372-44e3-afcc-24c701bed747}</UniqueIdentifier>
    </Filter>
    <Filter Include="生成的文件">
      <UniqueIdentifier>{9b9b9eca-b321-41f1-988e-812d24f5b8ce}</UniqueIdentifier>
    </Filter>
    <Filter Include="头文件\Media">
      <UniqueIdentifier>{e6b4c8ca-aff6-4123-9746-dc0b61f97bac}</UniqueIdentifier>
    </Filter>
    <Filter Include="源文件\Media">
      <UniqueIdentifier>{8417a7ec-ecfd-488a-b9ee-2eff93308340}</UniqueIdentifier>
    </Filter>
    <Filter Include="头文件\Media\Platform">
      <UniqueIdentifier>{acb0ff3b-98c9-4aec-85f7-b144668e0e89}</UniqueIdentifier>
    </Filter>
    <Filter Include="源文件\Media\Platform">
      <UniqueIdentifier>{05a05f71-5f2a-48d5-a038-611012b56919}</UniqueIdentifier>
    </Filter>
    <Filter Include="资源文件\Shaders">
      <UniqueIdentifier>{761055da-57ad-4761-bb93-48b6d7f0effc}</UniqueIdentifier>
    </Filter>
    <Filter Include="资源文件\Shaders\D3D9">
      <UniqueIdentifier>{a13eed24-42c0-473d-a511-f10cf06ae912}</UniqueIdentifier>
    </Filter>
    <Filter Include="资源文件\Shaders\D3D11">
      <UniqueIdentifier>{f3302a60-10cc-4e8c-9132-7620daafcc79}</UniqueIdentifier>
    </Filter>
    <Filter Include="源文件\Media\Platform\D3D9">
      <UniqueIdentifier>{32a032c1-8aba-40da-995c-d9196e1cfd93}</UniqueIdentifier>
    </Filter>
    <Filter Include="头文件\Media\Platform\D3D9">
      <UniqueIdentifier>{12b342ee-61c7-40ec-9e12-b6c8d95d226f}</UniqueIdentifier>
    </Filter>
    <Filter Include="头文件\Media\Platform\GL">
      <UniqueIdentifier>{ab2ad67f-25be-459c-bd99-9a68e78a656b}</UniqueIdentifier>
    </Filter>
    <Filter Include="头文件\Media\Platform\D3D11">
      <UniqueIdentifier>{ee5c9027-3dba-42b5-82ee-535b391f4bf9}</UniqueIdentifier>
    </Filter>
    <Filter Include="源文件\Media\Platform\GL">
      <UniqueIdentifier>{8bf29c64-e49e-4d2e-93b9-d079018ed8ad}</UniqueIdentifier>
    </Filter>
    <Filter Include="源文件\Media\Platform\D3D11">
      <UniqueIdentifier>{78f4aee9-f21b-4ccb-9222-46aa2eacaa75}</UniqueIdentifier>
    </Filter>
    <Filter Include="头文件\Input">
      <UniqueIdentifier>{923fdf8c-25ee-4ac9-b9ad-971264ecce31}</UniqueIdentifier>
    </Filter>
    <Filter Include="源文件\Input">
      <UniqueIdentifier>{484cf519-e78a-47fc-88f0-efea398fec59}</UniqueIdentifier>
    </Filter>
  </ItemGroup>
  <ItemGroup>
    <Text Include="ReadMe.txt" />
  </ItemGroup>
  <ItemGroup>
    <ClInclude Include="stdafx.h">
      <Filter>头文件</Filter>
    </ClInclude>
    <ClInclude Include="targetver.h">
      <Filter>头文件</Filter>
    </ClInclude>
    <ClInclude Include="..\inc\common.h">
      <Filter>头文件</Filter>
    </ClInclude>
    <ClInclude Include="..\inc\NonCopyable.h">
      <Filter>头文件</Filter>
    </ClInclude>
    <ClInclude Include="Controls\NativeWindow.h">
      <Filter>头文件\Controls</Filter>
    </ClInclude>
    <ClInclude Include="MPF.Platform_i.h">
      <Filter>生成的文件</Filter>
    </ClInclude>
    <ClInclude Include="..\inc\WeakReferenceBase.h">
      <Filter>头文件</Filter>
    </ClInclude>
    <ClInclude Include="NativeApplication.h">
      <Filter>头文件</Filter>
    </ClInclude>
    <ClInclude Include="Media\DeviceContext.h">
      <Filter>头文件\Media</Filter>
    </ClInclude>
    <ClInclude Include="Media\ResourceRef.h">
      <Filter>头文件\Media</Filter>
    </ClInclude>
    <ClInclude Include="Media\ResourceContainer.h">
      <Filter>头文件\Media</Filter>
    </ClInclude>
    <ClInclude Include="Media\Geometry.h">
      <Filter>头文件\Media</Filter>
    </ClInclude>
    <ClInclude Include="Media\RenderCommandBuffer.h">
      <Filter>头文件\Media</Filter>
    </ClInclude>
    <ClInclude Include="Media\RenderableObject.h">
      <Filter>头文件\Media</Filter>
    </ClInclude>
    <ClInclude Include="Media\RenderableObjectContainer.h">
      <Filter>头文件\Media</Filter>
    </ClInclude>
    <ClInclude Include="Media\ResourceManagerBase.h">
      <Filter>头文件\Media</Filter>
    </ClInclude>
    <ClInclude Include="resource.h">
      <Filter>头文件</Filter>
    </ClInclude>
    <ClInclude Include="Media\Brush.h">
      <Filter>头文件\Media</Filter>
    </ClInclude>
    <ClInclude Include="Media\Pen.h">
      <Filter>头文件\Media</Filter>
    </ClInclude>
    <ClInclude Include="Media\GlyphRun.h">
      <Filter>头文件\Media</Filter>
    </ClInclude>
    <ClInclude Include="Media\FontFamily.h">
      <Filter>头文件\Media</Filter>
    </ClInclude>
    <ClInclude Include="Media\FontManager.h">
      <Filter>头文件\Media</Filter>
    </ClInclude>
    <ClInclude Include="..\inc\FreeList.h">
      <Filter>头文件</Filter>
    </ClInclude>
    <ClInclude Include="Media\TransformedResourceContainer.h">
      <Filter>头文件\Media</Filter>
    </ClInclude>
    <ClInclude Include="Media\ResourceManager.h">
      <Filter>头文件\Media</Filter>
    </ClInclude>
    <ClInclude Include="Media\Platform\D3D9PlatformProvider.h">
      <Filter>头文件\Media\Platform</Filter>
    </ClInclude>
    <ClInclude Include="Media\Platform\PlatformProvider.h">
      <Filter>头文件\Media\Platform</Filter>
    </ClInclude>
    <ClInclude Include="Media\Platform\D3D9\D3D9DeviceContext.h">
      <Filter>头文件\Media\Platform\D3D9</Filter>
    </ClInclude>
    <ClInclude Include="Media\Platform\D3D9\D3D9SwapChain.h">
      <Filter>头文件\Media\Platform\D3D9</Filter>
    </ClInclude>
    <ClInclude Include="Media\Platform\GL\GLDeviceContext.h">
      <Filter>头文件\Media\Platform\GL</Filter>
    </ClInclude>
    <ClInclude Include="Media\Platform\GL\glewUtil.h">
      <Filter>头文件\Media\Platform\GL</Filter>
    </ClInclude>
    <ClInclude Include="Media\Platform\GL\GLSwapChain.h">
      <Filter>头文件\Media\Platform\GL</Filter>
    </ClInclude>
    <ClInclude Include="Media\Platform\D3D11\D3D11DeviceContext.h">
      <Filter>头文件\Media\Platform\D3D11</Filter>
    </ClInclude>
    <ClInclude Include="Media\Platform\D3D11\D3D11SwapChain.h">
      <Filter>头文件\Media\Platform\D3D11</Filter>
    </ClInclude>
    <ClInclude Include="Media\Platform\D3D11PlatformProvider.h">
      <Filter>头文件\Media\Platform</Filter>
    </ClInclude>
    <ClInclude Include="Media\BufferManager.h">
      <Filter>头文件</Filter>
    </ClInclude>
    <ClInclude Include="Media\Platform\PlatformProviderTraits.h">
      <Filter>头文件\Media\Platform</Filter>
    </ClInclude>
    <ClInclude Include="Media\DrawCallList.h">
      <Filter>头文件\Media</Filter>
    </ClInclude>
    <ClInclude Include="Media\Triangulator.h">
      <Filter>头文件\Media</Filter>
    </ClInclude>
    <ClInclude Include="Input\InputManager.h">
      <Filter>头文件\Input</Filter>
    </ClInclude>
    <ClInclude Include="Input\InputDevice.h">
      <Filter>头文件\Input</Filter>
    </ClInclude>
    <ClInclude Include="Media\Camera.h">
      <Filter>头文件\Media</Filter>
    </ClInclude>
    <ClInclude Include="Media\Material.h">
      <Filter>头文件\Media</Filter>
    </ClInclude>
    <ClInclude Include="Media\Texture.h">
      <Filter>头文件\Media</Filter>
    </ClInclude>
    <ClInclude Include="Media\Sampler.h">
      <Filter>头文件\Media</Filter>
    </ClInclude>
    <ClInclude Include="Media\ImageManager.h">
      <Filter>头文件\Media</Filter>
    </ClInclude>
  </ItemGroup>
  <ItemGroup>
    <ClCompile Include="stdafx.cpp">
      <Filter>源文件</Filter>
    </ClCompile>
    <ClCompile Include="MPF.Platform.cpp">
      <Filter>源文件</Filter>
    </ClCompile>
    <ClCompile Include="dllmain.cpp">
      <Filter>源文件</Filter>
    </ClCompile>
    <ClCompile Include="Controls\NativeWindow.cpp">
      <Filter>源文件\Controls</Filter>
    </ClCompile>
    <ClCompile Include="NativeApplication.cpp">
      <Filter>源文件</Filter>
    </ClCompile>
    <ClCompile Include="Media\DeviceContext.cpp">
      <Filter>源文件\Media</Filter>
    </ClCompile>
    <ClCompile Include="Media\RenderCommandBuffer.cpp">
      <Filter>源文件\Media</Filter>
    </ClCompile>
    <ClCompile Include="Media\RenderableObjectContainer.cpp">
      <Filter>源文件\Media</Filter>
    </ClCompile>
    <ClCompile Include="Media\RenderableObject.cpp">
      <Filter>源文件\Media</Filter>
    </ClCompile>
    <ClCompile Include="Media\ResourceRef.cpp">
      <Filter>源文件\Media</Filter>
    </ClCompile>
    <ClCompile Include="Media\ResourceManagerBase.cpp">
      <Filter>源文件\Media</Filter>
    </ClCompile>
    <ClCompile Include="Encoding.cpp">
      <Filter>源文件</Filter>
    </ClCompile>
    <ClCompile Include="EncodingDetector.cpp">
      <Filter>源文件</Filter>
    </ClCompile>
    <ClCompile Include="Media\GlyphRun.cpp">
      <Filter>源文件\Media</Filter>
    </ClCompile>
    <ClCompile Include="Media\FontFamily.cpp">
      <Filter>源文件\Media</Filter>
    </ClCompile>
    <ClCompile Include="Media\FontManager.cpp">
      <Filter>源文件\Media</Filter>
    </ClCompile>
    <ClCompile Include="FreeList.cpp">
      <Filter>源文件</Filter>
    </ClCompile>
    <ClCompile Include="Media\Platform\D3D9\D3D9DeviceContext.cpp">
      <Filter>源文件\Media\Platform\D3D9</Filter>
    </ClCompile>
    <ClCompile Include="Media\Platform\D3D9\D3D9SwapChain.cpp">
      <Filter>源文件\Media\Platform\D3D9</Filter>
    </ClCompile>
    <ClCompile Include="Media\Platform\GL\GLDeviceContext.cpp">
      <Filter>源文件\Media\Platform\GL</Filter>
    </ClCompile>
    <ClCompile Include="Media\Platform\GL\GLSwapChain.cpp">
      <Filter>源文件\Media\Platform\GL</Filter>
    </ClCompile>
    <ClCompile Include="Media\Platform\D3D11\D3D11DeviceContext.cpp">
      <Filter>源文件\Media\Platform\D3D11</Filter>
    </ClCompile>
    <ClCompile Include="Media\Platform\D3D11\D3D11SwapChain.cpp">
      <Filter>源文件\Media\Platform\D3D11</Filter>
    </ClCompile>
    <ClCompile Include="Media\Platform\D3D9\D3D9GeometryTransforms.cpp">
      <Filter>源文件\Media\Platform\D3D9</Filter>
    </ClCompile>
    <ClCompile Include="Media\Platform\D3D11\D3D11GeometryTransforms.cpp">
      <Filter>源文件\Media\Platform\D3D11</Filter>
    </ClCompile>
    <ClCompile Include="Media\Platform\D3D11\D3D11BufferProvider.cpp">
      <Filter>源文件\Media\Platform\D3D11</Filter>
    </ClCompile>
    <ClCompile Include="Media\Platform\D3D9\D3D9BufferProvider.cpp">
      <Filter>源文件\Media\Platform\D3D9</Filter>
    </ClCompile>
    <ClCompile Include="Media\Platform\D3D11\D3D11DrawCallList.cpp">
      <Filter>源文件\Media\Platform\D3D11</Filter>
    </ClCompile>
    <ClCompile Include="Media\Platform\D3D9\D3D9DrawCallList.cpp">
      <Filter>源文件\Media\Platform\D3D9</Filter>
    </ClCompile>
    <ClCompile Include="Media\Triangulator.cpp">
      <Filter>源文件\Media</Filter>
    </ClCompile>
    <ClCompile Include="Input\InputDevice.cpp">
      <Filter>源文件\Input</Filter>
    </ClCompile>
    <ClCompile Include="Input\InputManager.cpp">
      <Filter>源文件\Input</Filter>
    </ClCompile>
    <ClCompile Include="Media\Platform\D3D11\D3D11DeviceResourceTransforms.cpp">
      <Filter>源文件\Media\Platform\D3D11</Filter>
    </ClCompile>
    <ClCompile Include="Media\ImageManager.cpp">
      <Filter>源文件\Media</Filter>
    </ClCompile>
  </ItemGroup>
  <ItemGroup>
    <Midl Include="MPF.Platform.idl">
      <Filter>源文件</Filter>
    </Midl>
  </ItemGroup>
  <ItemGroup>
    <FxCompile Include="Shaders\D3D9.UIPixelShader.hlsl">
      <Filter>资源文件\Shaders\D3D9</Filter>
    </FxCompile>
    <FxCompile Include="Shaders\D3D9.UIVertexShader.hlsl">
      <Filter>资源文件\Shaders\D3D9</Filter>
    </FxCompile>
    <FxCompile Include="Shaders\D3D11.UI.Stroke.GeometryShader.hlsl">
      <Filter>资源文件\Shaders\D3D11</Filter>
    </FxCompile>
    <FxCompile Include="Shaders\D3D11.UI.Stroke.PixelShader.hlsl">
      <Filter>资源文件\Shaders\D3D11</Filter>
    </FxCompile>
    <FxCompile Include="Shaders\D3D11.UI.Stroke.VertexShader.hlsl">
      <Filter>资源文件\Shaders\D3D11</Filter>
    </FxCompile>
    <FxCompile Include="Shaders\D3D11.UI.Fill.PixelShader.hlsl">
      <Filter>资源文件\Shaders\D3D11</Filter>
    </FxCompile>
    <FxCompile Include="Shaders\D3D11.UI.Fill.VertexShader.hlsl">
      <Filter>资源文件\Shaders\D3D11</Filter>
    </FxCompile>
  </ItemGroup>
  <ItemGroup>
    <ResourceCompile Include="Resource.rc">
      <Filter>资源文件</Filter>
    </ResourceCompile>
  </ItemGroup>
  <ItemGroup>
    <None Include="Shaders\D3D9.UIShaders.hlsli">
      <Filter>资源文件\Shaders\D3D9</Filter>
    </None>
    <None Include="Shaders\D3D11.UI.Stroke.Shaders.hlsli">
      <Filter>资源文件\Shaders\D3D11</Filter>
    </None>
    <None Include="Shaders\D3D11.UI.Fill.Shaders.hlsli">
      <Filter>资源文件\Shaders\D3D11</Filter>
    </None>
  </ItemGroup>
</Project>